lockfileVersion: '9.0'

settings:
  autoInstallPeers: true
  excludeLinksFromLockfile: false

importers:

  .:
    dependencies:
      ramda:
        specifier: ^0.31.3
        version: 0.31.3

packages:

  ramda@0.31.3:
    resolution: {integrity: sha512-xKADKRNnqmDdX59PPKLm3gGmk1ZgNnj3k7DryqWwkamp4TJ6B36DdpyKEQ0EoEYmH2R62bV4Q+S0ym2z8N2f3Q==}

snapshots:

  ramda@0.31.3: {}
